{
  "lockfileVersion": 1,
  "configVersion": 1,
  "workspaces": {
    "": {
      "name": "towerdefense-spacetimedb",
      "dependencies": {
        "spacetimedb": "1.11.1",
      },
      "devDependencies": {
        "typescript": "^5.3.0",
      },
    },
  },
  "packages": {
    "base64-js": ["base64-js@1.5.1", "", {}, "sha512-AKpaYlHn8t4SVbOHCy+b5+KKgvR4vrsD8vbvrbiQJps7fKDTkjkDry6ji0rUJjC0kzbNePLwzxq8iypo41qeWA=="],

    "fast-text-encoding": ["fast-text-encoding@1.0.6", "", {}, "sha512-VhXlQgj9ioXCqGstD37E/HBeqEGV/qOD/kmbVG8h5xKBYvM1L3lR1Zn4555cQ8GkYbJa8aJSipLPndE1k6zK2w=="],

    "headers-polyfill": ["headers-polyfill@4.0.3", "", {}, "sha512-IScLbePpkvO846sIwOtOTDjutRMWdXdJmXdMvk6gCBHxFO8d+QKOQedyZSxFTTFYRSmlgSTDtXqqq4pcenBXLQ=="],

    "prettier": ["prettier@3.7.4", "", { "bin": { "prettier": "bin/prettier.cjs" } }, "sha512-v6UNi1+3hSlVvv8fSaoUbggEM5VErKmmpGA7Pl3HF8V6uKY7rvClBOJlH6yNwQtfTueNkGVpOv/mtWL9L4bgRA=="],

    "spacetimedb": ["spacetimedb@1.11.1", "", { "dependencies": { "base64-js": "^1.5.1", "fast-text-encoding": "^1.0.0", "headers-polyfill": "^4.0.3", "prettier": "^3.3.3", "statuses": "^2.0.2", "url-polyfill": "^1.1.14" }, "peerDependencies": { "react": "^18.0.0 || ^19.0.0-0 || ^19.0.0", "undici": "^6.19.2" }, "optionalPeers": ["react", "undici"] }, "sha512-8a4Gxtvw9bDETchlJ1PYgz2dtKl36xeAzXecqMsV1rzmaoEdqzLQTSA1u6uEWoQkUuoLQb8S5vqk0Z/aD94W2Q=="],

    "statuses": ["statuses@2.0.2", "", {}, "sha512-DvEy55V3DB7uknRo+4iOGT5fP1slR8wQohVdknigZPMpMstaKJQWhwiYBACJE3Ul2pTnATihhBYnRhZQHGBiRw=="],

    "typescript": ["typescript@5.9.3", "", { "bin": { "tsc": "bin/tsc", "tsserver": "bin/tsserver" } }, "sha512-jl1vZzPDinLr9eUt3J/t7V6FgNEw9QjvBPdysz9KfQDD41fQrC2Y4vKQdiaUpFT4bXlb1RHhLpp8wtm6M5TgSw=="],

    "url-polyfill": ["url-polyfill@1.1.14", "", {}, "sha512-p4f3TTAG6ADVF3mwbXw7hGw+QJyw5CnNGvYh5fCuQQZIiuKUswqcznyV3pGDP9j0TSmC4UvRKm8kl1QsX1diiQ=="],
  }
}
